
Microsoft Visual Studio Solution File, Format Version 12.00
# Visual Studio Version 16
VisualStudioVersion = 16.0.32002.261
MinimumVisualStudioVersion = 10.0.40219.1
Project("{FAE04EC0-301F-11D3-BF4B-00C04F79EFBC}") = "A. Bear and Big Brother", "A. Bear and Big Brother\A. Bear and Big Brother.csproj", "{5730ED0E-6B9A-41AA-B38C-9F91BEE532A8}"
EndProject
Global
	GlobalSection(SolutionConfigurationPlatforms) = preSolution
		Debug|Any CPU = Debug|Any CPU
		Release|Any CPU = Release|Any CPU
	EndGlobalSection
	GlobalSection(ProjectConfigurationPlatforms) = postSolution
		{5730ED0E-6B9A-41AA-B38C-9F91BEE532A8}.Debug|Any CPU.ActiveCfg = Debug|Any CPU
		{5730ED0E-6B9A-41AA-B38C-9F91BEE532A8}.Debug|Any CPU.Build.0 = Debug|Any CPU
		{5730ED0E-6B9A-41AA-B38C-9F91BEE532A8}.Release|Any CPU.ActiveCfg = Release|Any CPU
		{5730ED0E-6B9A-41AA-B38C-9F91BEE532A8}.Release|Any CPU.Build.0 = Release|Any CPU
	EndGlobalSection
	GlobalSection(SolutionProperties) = preSolution
		HideSolutionNode = FALSE
	EndGlobalSection
	GlobalSection(ExtensibilityGlobals) = postSolution
		SolutionGuid = {E725E3A6-4963-41A7-8698-4245823DCF4C}
	EndGlobalSection
EndGlobal
