
Microsoft Visual Studio Solution File, Format Version 12.00
# Visual Studio Version 16
VisualStudioVersion = 16.0.31829.152
MinimumVisualStudioVersion = 10.0.40219.1
Project("{FAE04EC0-301F-11D3-BF4B-00C04F79EFBC}") = "A. Bit++", "A. Bit++\A. Bit++.csproj", "{1141BB01-A3BE-4B62-8114-0B9965DCF88F}"
EndProject
Global
	GlobalSection(SolutionConfigurationPlatforms) = preSolution
		Debug|Any CPU = Debug|Any CPU
		Release|Any CPU = Release|Any CPU
	EndGlobalSection
	GlobalSection(ProjectConfigurationPlatforms) = postSolution
		{1141BB01-A3BE-4B62-8114-0B9965DCF88F}.Debug|Any CPU.ActiveCfg = Debug|Any CPU
		{1141BB01-A3BE-4B62-8114-0B9965DCF88F}.Debug|Any CPU.Build.0 = Debug|Any CPU
		{1141BB01-A3BE-4B62-8114-0B9965DCF88F}.Release|Any CPU.ActiveCfg = Release|Any CPU
		{1141BB01-A3BE-4B62-8114-0B9965DCF88F}.Release|Any CPU.Build.0 = Release|Any CPU
	EndGlobalSection
	GlobalSection(SolutionProperties) = preSolution
		HideSolutionNode = FALSE
	EndGlobalSection
	GlobalSection(ExtensibilityGlobals) = postSolution
		SolutionGuid = {8E3CE644-0018-4EFC-8A54-D52B9CC95718}
	EndGlobalSection
EndGlobal
