
Microsoft Visual Studio Solution File, Format Version 12.00
Project("{FAE04EC0-301F-11D3-BF4B-00C04F79EFBC}") = "A. Stones on the Table", "A. Stones on the Table\A. Stones on the Table.csproj", "{A734F17B-4773-47C4-B3FE-0F1B3D4503CA}"
EndProject
Global
	GlobalSection(SolutionConfigurationPlatforms) = preSolution
		Debug|Any CPU = Debug|Any CPU
		Release|Any CPU = Release|Any CPU
	EndGlobalSection
	GlobalSection(ProjectConfigurationPlatforms) = postSolution
		{A734F17B-4773-47C4-B3FE-0F1B3D4503CA}.Debug|Any CPU.ActiveCfg = Debug|Any CPU
		{A734F17B-4773-47C4-B3FE-0F1B3D4503CA}.Debug|Any CPU.Build.0 = Debug|Any CPU
		{A734F17B-4773-47C4-B3FE-0F1B3D4503CA}.Release|Any CPU.ActiveCfg = Release|Any CPU
		{A734F17B-4773-47C4-B3FE-0F1B3D4503CA}.Release|Any CPU.Build.0 = Release|Any CPU
	EndGlobalSection
EndGlobal
