
Microsoft Visual Studio Solution File, Format Version 12.00
# Visual Studio Version 17
VisualStudioVersion = 17.2.32519.379
MinimumVisualStudioVersion = 10.0.40219.1
Project("{FAE04EC0-301F-11D3-BF4B-00C04F79EFBC}") = "S3 Bucket Operation", "S3 Bucket Operation\S3 Bucket Operation.csproj", "{8232BD33-E53E-4DD0-A22C-992872139592}"
EndProject
Global
	GlobalSection(SolutionConfigurationPlatforms) = preSolution
		Debug|Any CPU = Debug|Any CPU
		Release|Any CPU = Release|Any CPU
	EndGlobalSection
	GlobalSection(ProjectConfigurationPlatforms) = postSolution
		{8232BD33-E53E-4DD0-A22C-992872139592}.Debug|Any CPU.ActiveCfg = Debug|Any CPU
		{8232BD33-E53E-4DD0-A22C-992872139592}.Debug|Any CPU.Build.0 = Debug|Any CPU
		{8232BD33-E53E-4DD0-A22C-992872139592}.Release|Any CPU.ActiveCfg = Release|Any CPU
		{8232BD33-E53E-4DD0-A22C-992872139592}.Release|Any CPU.Build.0 = Release|Any CPU
	EndGlobalSection
	GlobalSection(SolutionProperties) = preSolution
		HideSolutionNode = FALSE
	EndGlobalSection
	GlobalSection(ExtensibilityGlobals) = postSolution
		SolutionGuid = {0F2EA74B-8C89-481A-9B02-128C2392AD11}
	EndGlobalSection
EndGlobal
