
Microsoft Visual Studio Solution File, Format Version 12.00
# Visual Studio Version 16
VisualStudioVersion = 16.0.32002.261
MinimumVisualStudioVersion = 10.0.40219.1
Project("{FAE04EC0-301F-11D3-BF4B-00C04F79EFBC}") = "A. Elephant", "A. Elephant\A. Elephant.csproj", "{DCB2F1A3-AC60-4273-891E-7CC020932255}"
EndProject
Global
	GlobalSection(SolutionConfigurationPlatforms) = preSolution
		Debug|Any CPU = Debug|Any CPU
		Release|Any CPU = Release|Any CPU
	EndGlobalSection
	GlobalSection(ProjectConfigurationPlatforms) = postSolution
		{DCB2F1A3-AC60-4273-891E-7CC020932255}.Debug|Any CPU.ActiveCfg = Debug|Any CPU
		{DCB2F1A3-AC60-4273-891E-7CC020932255}.Debug|Any CPU.Build.0 = Debug|Any CPU
		{DCB2F1A3-AC60-4273-891E-7CC020932255}.Release|Any CPU.ActiveCfg = Release|Any CPU
		{DCB2F1A3-AC60-4273-891E-7CC020932255}.Release|Any CPU.Build.0 = Release|Any CPU
	EndGlobalSection
	GlobalSection(SolutionProperties) = preSolution
		HideSolutionNode = FALSE
	EndGlobalSection
	GlobalSection(ExtensibilityGlobals) = postSolution
		SolutionGuid = {6EF434D9-F0AF-4F86-B09C-BD1BC1DDEBDA}
	EndGlobalSection
EndGlobal
