
Microsoft Visual Studio Solution File, Format Version 12.00
# Visual Studio Version 16
VisualStudioVersion = 16.0.32002.261
MinimumVisualStudioVersion = 10.0.40219.1
Project("{FAE04EC0-301F-11D3-BF4B-00C04F79EFBC}") = "A. Wrong Subtraction", "A. Wrong Subtraction\A. Wrong Subtraction.csproj", "{C40AFD44-B7A2-41A9-BC76-CC3220ABBD12}"
EndProject
Global
	GlobalSection(SolutionConfigurationPlatforms) = preSolution
		Debug|Any CPU = Debug|Any CPU
		Release|Any CPU = Release|Any CPU
	EndGlobalSection
	GlobalSection(ProjectConfigurationPlatforms) = postSolution
		{C40AFD44-B7A2-41A9-BC76-CC3220ABBD12}.Debug|Any CPU.ActiveCfg = Debug|Any CPU
		{C40AFD44-B7A2-41A9-BC76-CC3220ABBD12}.Debug|Any CPU.Build.0 = Debug|Any CPU
		{C40AFD44-B7A2-41A9-BC76-CC3220ABBD12}.Release|Any CPU.ActiveCfg = Release|Any CPU
		{C40AFD44-B7A2-41A9-BC76-CC3220ABBD12}.Release|Any CPU.Build.0 = Release|Any CPU
	EndGlobalSection
	GlobalSection(SolutionProperties) = preSolution
		HideSolutionNode = FALSE
	EndGlobalSection
	GlobalSection(ExtensibilityGlobals) = postSolution
		SolutionGuid = {25FE13FE-8346-4A80-AE56-F54BE36CF6D9}
	EndGlobalSection
EndGlobal
